
Microsoft Visual Studio Solution File, Format Version 12.00
# Visual Studio Version 17
VisualStudioVersion = 17.13.35806.99 d17.13
MinimumVisualStudioVersion = 10.0.40219.1
Project("{FAE04EC0-301F-11D3-BF4B-00C04F79EFBC}") = "22.38", "22.38.csproj", "{A1B5D09B-E709-4118-953A-C48B82EBC113}"
EndProject
Global
	GlobalSection(SolutionConfigurationPlatforms) = preSolution
		Debug|Any CPU = Debug|Any CPU
		Release|Any CPU = Release|Any CPU
	EndGlobalSection
	GlobalSection(ProjectConfigurationPlatforms) = postSolution
		{A1B5D09B-E709-4118-953A-C48B82EBC113}.Debug|Any CPU.ActiveCfg = Debug|Any CPU
		{A1B5D09B-E709-4118-953A-C48B82EBC113}.Debug|Any CPU.Build.0 = Debug|Any CPU
		{A1B5D09B-E709-4118-953A-C48B82EBC113}.Release|Any CPU.ActiveCfg = Release|Any CPU
		{A1B5D09B-E709-4118-953A-C48B82EBC113}.Release|Any CPU.Build.0 = Release|Any CPU
	EndGlobalSection
	GlobalSection(SolutionProperties) = preSolution
		HideSolutionNode = FALSE
	EndGlobalSection
	GlobalSection(ExtensibilityGlobals) = postSolution
		SolutionGuid = {F675C889-4858-402B-8EF0-E7EAD83B8C47}
	EndGlobalSection
EndGlobal
